
Microsoft Visual Studio Solution File, Format Version 12.00
# Visual Studio Version 16
VisualStudioVersion = 16.0.31729.503
MinimumVisualStudioVersion = 10.0.40219.1
Project("{FAE04EC0-301F-11D3-BF4B-00C04F79EFBC}") = "Money", "Money\Money.csproj", "{27500413-D2D6-480B-856A-F78EE7B64F83}"
EndProject
Global
	GlobalSection(SolutionConfigurationPlatforms) = preSolution
		Debug|Any CPU = Debug|Any CPU
		Release|Any CPU = Release|Any CPU
	EndGlobalSection
	GlobalSection(ProjectConfigurationPlatforms) = postSolution
		{27500413-D2D6-480B-856A-F78EE7B64F83}.Debug|Any CPU.ActiveCfg = Debug|Any CPU
		{27500413-D2D6-480B-856A-F78EE7B64F83}.Debug|Any CPU.Build.0 = Debug|Any CPU
		{27500413-D2D6-480B-856A-F78EE7B64F83}.Release|Any CPU.ActiveCfg = Release|Any CPU
		{27500413-D2D6-480B-856A-F78EE7B64F83}.Release|Any CPU.Build.0 = Release|Any CPU
	EndGlobalSection
	GlobalSection(SolutionProperties) = preSolution
		HideSolutionNode = FALSE
	EndGlobalSection
	GlobalSection(ExtensibilityGlobals) = postSolution
		SolutionGuid = {C8422BDB-EE66-4057-82DA-3F595A17D37B}
	EndGlobalSection
EndGlobal
